{
  "name": "tailwindcss-plugin-fancy",
  "version": "0.0.4",
  "lockfileVersion": 1,
  "requires": true,
  "dependencies": {
    "@tailwindcss/custom-forms": {
      "version": "0.2.1",
      "resolved": "https://registry.npmjs.org/@tailwindcss/custom-forms/-/custom-forms-0.2.1.tgz",
      "integrity": "sha512-XdP5XY6kxo3x5o50mWUyoYWxOPV16baagLoZ5uM41gh6IhXzhz/vJYzqrTb/lN58maGIKlpkxgVsQUNSsbAS3Q==",
      "requires": {
        "lodash": "^4.17.11",
        "mini-svg-data-uri": "^1.0.3",
        "traverse": "^0.6.6"
      }
    },
    "ansi-styles": {
      "version": "3.2.1",
      "resolved": "https://registry.npmjs.org/ansi-styles/-/ansi-styles-3.2.1.tgz",
      "integrity": "sha512-VT0ZI6kZRdTh8YyJw3SMbYm/u+NqfsAxEpWO0Pf9sq8/e94WxxOpPKx9FR1FlyCtOVDNOQ+8ntlqFxiRc+r5qA==",
      "requires": {
        "color-convert": "^1.9.0"
      }
    },
    "chalk": {
      "version": "2.4.2",
      "resolved": "https://registry.npmjs.org/chalk/-/chalk-2.4.2.tgz",
      "integrity": "sha512-Mti+f9lpJNcwF4tWV8/OrTTtF1gZi+f8FqlyAdouralcFWFQWF2+NgCHShjkCb+IFBLq9buZwE1xckQU4peSuQ==",
      "requires": {
        "ansi-styles": "^3.2.1",
        "escape-string-regexp": "^1.0.5",
        "supports-color": "^5.3.0"
      },
      "dependencies": {
        "supports-color": {
          "version": "5.5.0",
          "resolved": "https://registry.npmjs.org/supports-color/-/supports-color-5.5.0.tgz",
          "integrity": "sha512-QjVjwdXIt408MIiAqCX4oUKsgU2EqAGzs2Ppkm4aQYbjm+ZEWEcW4SfFNTr4uMNZma0ey4f5lgLrkB0aX0QMow==",
          "requires": {
            "has-flag": "^3.0.0"
          }
        }
      }
    },
    "color-convert": {
      "version": "1.9.3",
      "resolved": "https://registry.npmjs.org/color-convert/-/color-convert-1.9.3.tgz",
      "integrity": "sha512-QfAUtd+vFdAtFQcC8CCyYt1fYWxSqAiK2cSD6zDB8N3cpsEBAvRxp9zOGg6G/SHHJYAT88/az/IuDGALsNVbGg==",
      "requires": {
        "color-name": "1.1.3"
      }
    },
    "color-name": {
      "version": "1.1.3",
      "resolved": "https://registry.npmjs.org/color-name/-/color-name-1.1.3.tgz",
      "integrity": "sha1-p9BVi9icQveV3UIyj3QIMcpTvCU="
    },
    "escape-string-regexp": {
      "version": "1.0.5",
      "resolved": "https://registry.npmjs.org/escape-string-regexp/-/escape-string-regexp-1.0.5.tgz",
      "integrity": "sha1-G2HAViGQqN/2rjuyzwIAyhMLhtQ="
    },
    "has-flag": {
      "version": "3.0.0",
      "resolved": "https://registry.npmjs.org/has-flag/-/has-flag-3.0.0.tgz",
      "integrity": "sha1-tdRU3CGZriJWmfNGfloH87lVuv0="
    },
    "lodash": {
      "version": "4.17.15",
      "resolved": "https://registry.npmjs.org/lodash/-/lodash-4.17.15.tgz",
      "integrity": "sha512-8xOcRHvCjnocdS5cpwXQXVzmmh5e5+saE2QGoeQmbKmRS6J3VQppPOIt0MnmE+4xlZoumy0GPG0D0MVIQbNA1A=="
    },
    "mini-svg-data-uri": {
      "version": "1.1.3",
      "resolved": "https://registry.npmjs.org/mini-svg-data-uri/-/mini-svg-data-uri-1.1.3.tgz",
      "integrity": "sha512-EeKOmdzekjdPe53/GdxmUpNgDQFkNeSte6XkJmOBt4BfWL6FQ9G9RtLNh+JMjFS3LhdpSICMIkZdznjiecASHQ=="
    },
    "postcss": {
      "version": "7.0.17",
      "resolved": "https://registry.npmjs.org/postcss/-/postcss-7.0.17.tgz",
      "integrity": "sha512-546ZowA+KZ3OasvQZHsbuEpysvwTZNGJv9EfyCQdsIDltPSWHAeTQ5fQy/Npi2ZDtLI3zs7Ps/p6wThErhm9fQ==",
      "requires": {
        "chalk": "^2.4.2",
        "source-map": "^0.6.1",
        "supports-color": "^6.1.0"
      }
    },
    "source-map": {
      "version": "0.6.1",
      "resolved": "https://registry.npmjs.org/source-map/-/source-map-0.6.1.tgz",
      "integrity": "sha512-UjgapumWlbMhkBgzT7Ykc5YXUT46F0iKu8SGXq0bcwP5dz/h0Plj6enJqjz1Zbq2l5WaqYnrVbwWOWMyF3F47g=="
    },
    "supports-color": {
      "version": "6.1.0",
      "resolved": "https://registry.npmjs.org/supports-color/-/supports-color-6.1.0.tgz",
      "integrity": "sha512-qe1jfm1Mg7Nq/NSh6XE24gPXROEVsWHxC1LIx//XNlD9iw7YZQGjZNjYN7xGaEG6iKdA8EtNFW6R0gjnVXp+wQ==",
      "requires": {
        "has-flag": "^3.0.0"
      }
    },
    "tailwindcss-plugin-aspect": {
      "version": "0.0.1",
      "resolved": "https://registry.npmjs.org/tailwindcss-plugin-aspect/-/tailwindcss-plugin-aspect-0.0.1.tgz",
      "integrity": "sha512-RuXopL8Tr0LuCMDVBsIU5AJL3M08u6VR73ZeLpY+Gl1+CI5T3JMA3tvPL66iNl1UTQFzYQNFTq+z6LpYgkOfig=="
    },
    "tailwindcss-plugin-content": {
      "version": "0.0.2",
      "resolved": "https://registry.npmjs.org/tailwindcss-plugin-content/-/tailwindcss-plugin-content-0.0.2.tgz",
      "integrity": "sha512-CUvBUILFOMt19iwXZLKdDb9SfzyAkouM1JGqkEd9oyPyyUNVWaer8RTBg4yKfW5ImDi1NrYWcxSnWKhCW/DO3Q=="
    },
    "tailwindcss-plugin-current-color": {
      "version": "0.0.1",
      "resolved": "https://registry.npmjs.org/tailwindcss-plugin-current-color/-/tailwindcss-plugin-current-color-0.0.1.tgz",
      "integrity": "sha512-nPKeGXmpHlxBCTPQgft8xXxbuX1+EE2UL4ZIacAOQJWzTvTdxU7KWwQVTKh+UlkleyKgR00NEP7dtb4nwz141A=="
    },
    "tailwindcss-plugin-prefers-color-scheme": {
      "version": "0.0.2",
      "resolved": "https://registry.npmjs.org/tailwindcss-plugin-prefers-color-scheme/-/tailwindcss-plugin-prefers-color-scheme-0.0.2.tgz",
      "integrity": "sha512-JSyb2FnW7GZMK4SiP1RUcEt4phflNvr98+YV3NznNlzrPk/cthijtbPewJc9bbOU9f1KRJqmv05wlP2wBYKNQQ==",
      "requires": {
        "postcss": "^7.0.17"
      }
    },
    "tailwindcss-plugin-transitions": {
      "version": "1.0.0",
      "resolved": "https://registry.npmjs.org/tailwindcss-plugin-transitions/-/tailwindcss-plugin-transitions-1.0.0.tgz",
      "integrity": "sha512-crgZrzRrLH0K4K7WxDguozlYgjW7JDGoaiij0jSgTjVpN/IV6OX0bGVPgeaq1uDHeefmrMbPGel2Pm9I7lp9Ig=="
    },
    "traverse": {
      "version": "0.6.6",
      "resolved": "https://registry.npmjs.org/traverse/-/traverse-0.6.6.tgz",
      "integrity": "sha1-y99WD9e5r2MlAv7UD5GMFX6pcTc="
    }
  }
}
